
Microsoft Visual Studio Solution File, Format Version 12.00
# Visual Studio Version 17
VisualStudioVersion = 17.13.35931.197 d17.13
MinimumVisualStudioVersion = 10.0.40219.1
Project("{FAE04EC0-301F-11D3-BF4B-00C04F79EFBC}") = "JOB_PORTAL", "JOB_PORTAL\JOB_PORTAL.csproj", "{FDBE36FE-6589-4F0C-8A32-E223CE0BB453}"
EndProject
Global
	GlobalSection(SolutionConfigurationPlatforms) = preSolution
		Debug|Any CPU = Debug|Any CPU
		Release|Any CPU = Release|Any CPU
	EndGlobalSection
	GlobalSection(ProjectConfigurationPlatforms) = postSolution
		{FDBE36FE-6589-4F0C-8A32-E223CE0BB453}.Debug|Any CPU.ActiveCfg = Debug|Any CPU
		{FDBE36FE-6589-4F0C-8A32-E223CE0BB453}.Debug|Any CPU.Build.0 = Debug|Any CPU
		{FDBE36FE-6589-4F0C-8A32-E223CE0BB453}.Release|Any CPU.ActiveCfg = Release|Any CPU
		{FDBE36FE-6589-4F0C-8A32-E223CE0BB453}.Release|Any CPU.Build.0 = Release|Any CPU
	EndGlobalSection
	GlobalSection(SolutionProperties) = preSolution
		HideSolutionNode = FALSE
	EndGlobalSection
	GlobalSection(ExtensibilityGlobals) = postSolution
		SolutionGuid = {A221DA01-BDAD-48EE-BE6F-9BB093A9204E}
	EndGlobalSection
EndGlobal
